
Microsoft Visual Studio Solution File, Format Version 12.00
# Visual Studio Version 16
VisualStudioVersion = 16.0.30907.101
MinimumVisualStudioVersion = 10.0.40219.1
Project("{FAE04EC0-301F-11D3-BF4B-00C04F79EFBC}") = "TestUnityApp", "TestUnityApp\TestUnityApp\TestUnityApp.csproj", "{B42BA248-D8A0-42B2-89DE-96C0FEFEDFD6}"
EndProject
Project("{FAE04EC0-301F-11D3-BF4B-00C04F79EFBC}") = "TestUnityApp.Android", "TestUnityApp\TestUnityApp.Android\TestUnityApp.Android.csproj", "{26FA08E8-0BB4-4F62-94D4-2A28869ADA13}"
EndProject
Project("{FAE04EC0-301F-11D3-BF4B-00C04F79EFBC}") = "TestUnityApp.iOS", "TestUnityApp\TestUnityApp.iOS\TestUnityApp.iOS.csproj", "{6273F454-80B1-41F4-862F-6DB51BCFB7D3}"
EndProject
Global
	GlobalSection(SolutionConfigurationPlatforms) = preSolution
		Ad-Hoc|Any CPU = Ad-Hoc|Any CPU
		Ad-Hoc|iPhone = Ad-Hoc|iPhone
		Ad-Hoc|iPhoneSimulator = Ad-Hoc|iPhoneSimulator
		AppStore|Any CPU = AppStore|Any CPU
		AppStore|iPhone = AppStore|iPhone
		AppStore|iPhoneSimulator = AppStore|iPhoneSimulator
		Debug|Any CPU = Debug|Any CPU
		Debug|iPhone = Debug|iPhone
		Debug|iPhoneSimulator = Debug|iPhoneSimulator
		Release|Any CPU = Release|Any CPU
		Release|iPhone = Release|iPhone
		Release|iPhoneSimulator = Release|iPhoneSimulator
	EndGlobalSection
	GlobalSection(ProjectConfigurationPlatforms) = postSolution
		{B42BA248-D8A0-42B2-89DE-96C0FEFEDFD6}.Ad-Hoc|Any CPU.ActiveCfg = Debug|Any CPU
		{B42BA248-D8A0-42B2-89DE-96C0FEFEDFD6}.Ad-Hoc|Any CPU.Build.0 = Debug|Any CPU
		{B42BA248-D8A0-42B2-89DE-96C0FEFEDFD6}.Ad-Hoc|iPhone.ActiveCfg = Debug|Any CPU
		{B42BA248-D8A0-42B2-89DE-96C0FEFEDFD6}.Ad-Hoc|iPhone.Build.0 = Debug|Any CPU
		{B42BA248-D8A0-42B2-89DE-96C0FEFEDFD6}.Ad-Hoc|iPhoneSimulator.ActiveCfg = Debug|Any CPU
		{B42BA248-D8A0-42B2-89DE-96C0FEFEDFD6}.Ad-Hoc|iPhoneSimulator.Build.0 = Debug|Any CPU
		{B42BA248-D8A0-42B2-89DE-96C0FEFEDFD6}.AppStore|Any CPU.ActiveCfg = Debug|Any CPU
		{B42BA248-D8A0-42B2-89DE-96C0FEFEDFD6}.AppStore|Any CPU.Build.0 = Debug|Any CPU
		{B42BA248-D8A0-42B2-89DE-96C0FEFEDFD6}.AppStore|iPhone.ActiveCfg = Debug|Any CPU
		{B42BA248-D8A0-42B2-89DE-96C0FEFEDFD6}.AppStore|iPhone.Build.0 = Debug|Any CPU
		{B42BA248-D8A0-42B2-89DE-96C0FEFEDFD6}.AppStore|iPhoneSimulator.ActiveCfg = Debug|Any CPU
		{B42BA248-D8A0-42B2-89DE-96C0FEFEDFD6}.AppStore|iPhoneSimulator.Build.0 = Debug|Any CPU
		{B42BA248-D8A0-42B2-89DE-96C0FEFEDFD6}.Debug|Any CPU.ActiveCfg = Debug|Any CPU
		{B42BA248-D8A0-42B2-89DE-96C0FEFEDFD6}.Debug|Any CPU.Build.0 = Debug|Any CPU
		{B42BA248-D8A0-42B2-89DE-96C0FEFEDFD6}.Debug|iPhone.ActiveCfg = Debug|Any CPU
		{B42BA248-D8A0-42B2-89DE-96C0FEFEDFD6}.Debug|iPhone.Build.0 = Debug|Any CPU
		{B42BA248-D8A0-42B2-89DE-96C0FEFEDFD6}.Debug|iPhoneSimulator.ActiveCfg = Debug|Any CPU
		{B42BA248-D8A0-42B2-89DE-96C0FEFEDFD6}.Debug|iPhoneSimulator.Build.0 = Debug|Any CPU
		{B42BA248-D8A0-42B2-89DE-96C0FEFEDFD6}.Release|Any CPU.ActiveCfg = Release|Any CPU
		{B42BA248-D8A0-42B2-89DE-96C0FEFEDFD6}.Release|Any CPU.Build.0 = Release|Any CPU
		{B42BA248-D8A0-42B2-89DE-96C0FEFEDFD6}.Release|iPhone.ActiveCfg = Release|Any CPU
		{B42BA248-D8A0-42B2-89DE-96C0FEFEDFD6}.Release|iPhone.Build.0 = Release|Any CPU
		{B42BA248-D8A0-42B2-89DE-96C0FEFEDFD6}.Release|iPhoneSimulator.ActiveCfg = Release|Any CPU
		{B42BA248-D8A0-42B2-89DE-96C0FEFEDFD6}.Release|iPhoneSimulator.Build.0 = Release|Any CPU
		{26FA08E8-0BB4-4F62-94D4-2A28869ADA13}.Ad-Hoc|Any CPU.ActiveCfg = Debug|Any CPU
		{26FA08E8-0BB4-4F62-94D4-2A28869ADA13}.Ad-Hoc|Any CPU.Build.0 = Debug|Any CPU
		{26FA08E8-0BB4-4F62-94D4-2A28869ADA13}.Ad-Hoc|Any CPU.Deploy.0 = Debug|Any CPU
		{26FA08E8-0BB4-4F62-94D4-2A28869ADA13}.Ad-Hoc|iPhone.ActiveCfg = Debug|Any CPU
		{26FA08E8-0BB4-4F62-94D4-2A28869ADA13}.Ad-Hoc|iPhone.Build.0 = Debug|Any CPU
		{26FA08E8-0BB4-4F62-94D4-2A28869ADA13}.Ad-Hoc|iPhone.Deploy.0 = Debug|Any CPU
		{26FA08E8-0BB4-4F62-94D4-2A28869ADA13}.Ad-Hoc|iPhoneSimulator.ActiveCfg = Debug|Any CPU
		{26FA08E8-0BB4-4F62-94D4-2A28869ADA13}.Ad-Hoc|iPhoneSimulator.Build.0 = Debug|Any CPU
		{26FA08E8-0BB4-4F62-94D4-2A28869ADA13}.Ad-Hoc|iPhoneSimulator.Deploy.0 = Debug|Any CPU
		{26FA08E8-0BB4-4F62-94D4-2A28869ADA13}.AppStore|Any CPU.ActiveCfg = Debug|Any CPU
		{26FA08E8-0BB4-4F62-94D4-2A28869ADA13}.AppStore|Any CPU.Build.0 = Debug|Any CPU
		{26FA08E8-0BB4-4F62-94D4-2A28869ADA13}.AppStore|Any CPU.Deploy.0 = Debug|Any CPU
		{26FA08E8-0BB4-4F62-94D4-2A28869ADA13}.AppStore|iPhone.ActiveCfg = Debug|Any CPU
		{26FA08E8-0BB4-4F62-94D4-2A28869ADA13}.AppStore|iPhone.Build.0 = Debug|Any CPU
		{26FA08E8-0BB4-4F62-94D4-2A28869ADA13}.AppStore|iPhone.Deploy.0 = Debug|Any CPU
		{26FA08E8-0BB4-4F62-94D4-2A28869ADA13}.AppStore|iPhoneSimulator.ActiveCfg = Debug|Any CPU
		{26FA08E8-0BB4-4F62-94D4-2A28869ADA13}.AppStore|iPhoneSimulator.Build.0 = Debug|Any CPU
		{26FA08E8-0BB4-4F62-94D4-2A28869ADA13}.AppStore|iPhoneSimulator.Deploy.0 = Debug|Any CPU
		{26FA08E8-0BB4-4F62-94D4-2A28869ADA13}.Debug|Any CPU.ActiveCfg = Debug|Any CPU
		{26FA08E8-0BB4-4F62-94D4-2A28869ADA13}.Debug|Any CPU.Build.0 = Debug|Any CPU
		{26FA08E8-0BB4-4F62-94D4-2A28869ADA13}.Debug|Any CPU.Deploy.0 = Debug|Any CPU
		{26FA08E8-0BB4-4F62-94D4-2A28869ADA13}.Debug|iPhone.ActiveCfg = Debug|Any CPU
		{26FA08E8-0BB4-4F62-94D4-2A28869ADA13}.Debug|iPhone.Build.0 = Debug|Any CPU
		{26FA08E8-0BB4-4F62-94D4-2A28869ADA13}.Debug|iPhone.Deploy.0 = Debug|Any CPU
		{26FA08E8-0BB4-4F62-94D4-2A28869ADA13}.Debug|iPhoneSimulator.ActiveCfg = Debug|Any CPU
		{26FA08E8-0BB4-4F62-94D4-2A28869ADA13}.Debug|iPhoneSimulator.Build.0 = Debug|Any CPU
		{26FA08E8-0BB4-4F62-94D4-2A28869ADA13}.Debug|iPhoneSimulator.Deploy.0 = Debug|Any CPU
		{26FA08E8-0BB4-4F62-94D4-2A28869ADA13}.Release|Any CPU.ActiveCfg = Release|Any CPU
		{26FA08E8-0BB4-4F62-94D4-2A28869ADA13}.Release|Any CPU.Build.0 = Release|Any CPU
		{26FA08E8-0BB4-4F62-94D4-2A28869ADA13}.Release|Any CPU.Deploy.0 = Release|Any CPU
		{26FA08E8-0BB4-4F62-94D4-2A28869ADA13}.Release|iPhone.ActiveCfg = Release|Any CPU
		{26FA08E8-0BB4-4F62-94D4-2A28869ADA13}.Release|iPhone.Build.0 = Release|Any CPU
		{26FA08E8-0BB4-4F62-94D4-2A28869ADA13}.Release|iPhone.Deploy.0 = Release|Any CPU
		{26FA08E8-0BB4-4F62-94D4-2A28869ADA13}.Release|iPhoneSimulator.ActiveCfg = Release|Any CPU
		{26FA08E8-0BB4-4F62-94D4-2A28869ADA13}.Release|iPhoneSimulator.Build.0 = Release|Any CPU
		{26FA08E8-0BB4-4F62-94D4-2A28869ADA13}.Release|iPhoneSimulator.Deploy.0 = Release|Any CPU
		{6273F454-80B1-41F4-862F-6DB51BCFB7D3}.Ad-Hoc|Any CPU.ActiveCfg = Ad-Hoc|iPhoneSimulator
		{6273F454-80B1-41F4-862F-6DB51BCFB7D3}.Ad-Hoc|iPhone.ActiveCfg = Ad-Hoc|iPhone
		{6273F454-80B1-41F4-862F-6DB51BCFB7D3}.Ad-Hoc|iPhone.Build.0 = Ad-Hoc|iPhone
		{6273F454-80B1-41F4-862F-6DB51BCFB7D3}.Ad-Hoc|iPhoneSimulator.ActiveCfg = Ad-Hoc|iPhoneSimulator
		{6273F454-80B1-41F4-862F-6DB51BCFB7D3}.Ad-Hoc|iPhoneSimulator.Build.0 = Ad-Hoc|iPhoneSimulator
		{6273F454-80B1-41F4-862F-6DB51BCFB7D3}.AppStore|Any CPU.ActiveCfg = AppStore|iPhoneSimulator
		{6273F454-80B1-41F4-862F-6DB51BCFB7D3}.AppStore|iPhone.ActiveCfg = AppStore|iPhone
		{6273F454-80B1-41F4-862F-6DB51BCFB7D3}.AppStore|iPhone.Build.0 = AppStore|iPhone
		{6273F454-80B1-41F4-862F-6DB51BCFB7D3}.AppStore|iPhoneSimulator.ActiveCfg = AppStore|iPhoneSimulator
		{6273F454-80B1-41F4-862F-6DB51BCFB7D3}.AppStore|iPhoneSimulator.Build.0 = AppStore|iPhoneSimulator
		{6273F454-80B1-41F4-862F-6DB51BCFB7D3}.Debug|Any CPU.ActiveCfg = Debug|iPhoneSimulator
		{6273F454-80B1-41F4-862F-6DB51BCFB7D3}.Debug|iPhone.ActiveCfg = Debug|iPhone
		{6273F454-80B1-41F4-862F-6DB51BCFB7D3}.Debug|iPhone.Build.0 = Debug|iPhone
		{6273F454-80B1-41F4-862F-6DB51BCFB7D3}.Debug|iPhoneSimulator.ActiveCfg = Debug|iPhoneSimulator
		{6273F454-80B1-41F4-862F-6DB51BCFB7D3}.Debug|iPhoneSimulator.Build.0 = Debug|iPhoneSimulator
		{6273F454-80B1-41F4-862F-6DB51BCFB7D3}.Release|Any CPU.ActiveCfg = Release|iPhoneSimulator
		{6273F454-80B1-41F4-862F-6DB51BCFB7D3}.Release|iPhone.ActiveCfg = Release|iPhone
		{6273F454-80B1-41F4-862F-6DB51BCFB7D3}.Release|iPhone.Build.0 = Release|iPhone
		{6273F454-80B1-41F4-862F-6DB51BCFB7D3}.Release|iPhoneSimulator.ActiveCfg = Release|iPhoneSimulator
		{6273F454-80B1-41F4-862F-6DB51BCFB7D3}.Release|iPhoneSimulator.Build.0 = Release|iPhoneSimulator
	EndGlobalSection
	GlobalSection(SolutionProperties) = preSolution
		HideSolutionNode = FALSE
	EndGlobalSection
	GlobalSection(ExtensibilityGlobals) = postSolution
		SolutionGuid = {3D02E7E8-6D3A-4498-814F-D048F9DACE3B}
	EndGlobalSection
EndGlobal
